// !$*UTF8*$!
{
	archiveVersion = 1;
	classes = {
	};
	objectVersion = 48;
	objects = {

/* Begin PBXBuildFile section */
		343AFD371F8F1D44008DE881 /* AppDelegate.m in Sources */ = {isa = PBXBuildFile; fileRef = 343AFD361F8F1D44008DE881 /* AppDelegate.m */; };
		343AFD3A1F8F1D44008DE881 /* ViewController.m in Sources */ = {isa = PBXBuildFile; fileRef = 343AFD391F8F1D44008DE881 /* ViewController.m */; };
		343AFD3D1F8F1D44008DE881 /* Main.storyboard in Resources */ = {isa = PBXBuildFile; fileRef = 343AFD3B1F8F1D44008DE881 /* Main.storyboard */; };
		343AFD3F1F8F1D44008DE881 /* Assets.xcassets in Resources */ = {isa = PBXBuildFile; fileRef = 343AFD3E1F8F1D44008DE881 /* Assets.xcassets */; };
		343AFD421F8F1D44008DE881 /* LaunchScreen.storyboard in Resources */ = {isa = PBXBuildFile; fileRef = 343AFD401F8F1D44008DE881 /* LaunchScreen.storyboard */; };
		343AFD451F8F1D44008DE881 /* main.m in Sources */ = {isa = PBXBuildFile; fileRef = 343AFD441F8F1D44008DE881 /* main.m */; };
		343AFD4F1F8F1D45008DE881 /* DynamicAppIconOCTests.m in Sources */ = {isa = PBXBuildFile; fileRef = 343AFD4E1F8F1D45008DE881 /* DynamicAppIconOCTests.m */; };
		343AFD5A1F8F1D45008DE881 /* DynamicAppIconOCUITests.m in Sources */ = {isa = PBXBuildFile; fileRef = 343AFD591F8F1D45008DE881 /* DynamicAppIconOCUITests.m */; };
		343AFD6C1F8F1DFF008DE881 /* IconBeta@2x.png in Resources */ = {isa = PBXBuildFile; fileRef = 343AFD691F8F1DF8008DE881 /* IconBeta@2x.png */; };
		343AFD6D1F8F1DFF008DE881 /* IconBeta@3x.png in Resources */ = {isa = PBXBuildFile; fileRef = 343AFD6B1F8F1DF8008DE881 /* IconBeta@3x.png */; };
		343AFD6E1F8F1DFF008DE881 /* IconDebug@2x.png in Resources */ = {isa = PBXBuildFile; fileRef = 343AFD6A1F8F1DF8008DE881 /* IconDebug@2x.png */; };
		343AFD6F1F8F1DFF008DE881 /* IconDebug@3x.png in Resources */ = {isa = PBXBuildFile; fileRef = 343AFD681F8F1DF8008DE881 /* IconDebug@3x.png */; };
		343AFD721F8F1EA9008DE881 /* TableViewController.m in Sources */ = {isa = PBXBuildFile; fileRef = 343AFD711F8F1EA9008DE881 /* TableViewController.m */; };
/* End PBXBuildFile section */

/* Begin PBXContainerItemProxy section */
		343AFD4B1F8F1D45008DE881 /* PBXContainerItemProxy */ = {
			isa = PBXContainerItemProxy;
			containerPortal = 343AFD2A1F8F1D44008DE881 /* Project object */;
			proxyType = 1;
			remoteGlobalIDString = 343AFD311F8F1D44008DE881;
			remoteInfo = DynamicAppIconOC;
		};
		343AFD561F8F1D45008DE881 /* PBXContainerItemProxy */ = {
			isa = PBXContainerItemProxy;
			containerPortal = 343AFD2A1F8F1D44008DE881 /* Project object */;
			proxyType = 1;
			remoteGlobalIDString = 343AFD311F8F1D44008DE881;
			remoteInfo = DynamicAppIconOC;
		};
/* End PBXContainerItemProxy section */

/* Begin PBXFileReference section */
		343AFD321F8F1D44008DE881 /* DynamicAppIconOC.app */ = {isa = PBXFileReference; explicitFileType = wrapper.application; includeInIndex = 0; path = DynamicAppIconOC.app; sourceTree = BUILT_PRODUCTS_DIR; };
		343AFD351F8F1D44008DE881 /* AppDelegate.h */ = {isa = PBXFileReference; lastKnownFileType = sourcecode.c.h; path = AppDelegate.h; sourceTree = "<group>"; };
		343AFD361F8F1D44008DE881 /* AppDelegate.m */ = {isa = PBXFileReference; lastKnownFileType = sourcecode.c.objc; path = AppDelegate.m; sourceTree = "<group>"; };
		343AFD381F8F1D44008DE881 /* ViewController.h */ = {isa = PBXFileReference; lastKnownFileType = sourcecode.c.h; path = ViewController.h; sourceTree = "<group>"; };
		343AFD391F8F1D44008DE881 /* ViewController.m */ = {isa = PBXFileReference; lastKnownFileType = sourcecode.c.objc; path = ViewController.m; sourceTree = "<group>"; };
		343AFD3C1F8F1D44008DE881 /* Base */ = {isa = PBXFileReference; lastKnownFileType = file.storyboard; name = Base; path = Base.lproj/Main.storyboard; sourceTree = "<group>"; };
		343AFD3E1F8F1D44008DE881 /* Assets.xcassets */ = {isa = PBXFileReference; lastKnownFileType = folder.assetcatalog; path = Assets.xcassets; sourceTree = "<group>"; };
		343AFD411F8F1D44008DE881 /* Base */ = {isa = PBXFileReference; lastKnownFileType = file.storyboard; name = Base; path = Base.lproj/LaunchScreen.storyboard; sourceTree = "<group>"; };
		343AFD431F8F1D44008DE881 /* Info.plist */ = {isa = PBXFileReference; lastKnownFileType = text.plist.xml; path = Info.plist; sourceTree = "<group>"; };
		343AFD441F8F1D44008DE881 /* main.m */ = {isa = PBXFileReference; lastKnownFileType = sourcecode.c.objc; path = main.m; sourceTree = "<group>"; };
		343AFD4A1F8F1D45008DE881 /* DynamicAppIconOCTests.xctest */ = {isa = PBXFileReference; explicitFileType = wrapper.cfbundle; includeInIndex = 0; path = DynamicAppIconOCTests.xctest; sourceTree = BUILT_PRODUCTS_DIR; };
		343AFD4E1F8F1D45008DE881 /* DynamicAppIconOCTests.m */ = {isa = PBXFileReference; lastKnownFileType = sourcecode.c.objc; path = DynamicAppIconOCTests.m; sourceTree = "<group>"; };
		343AFD501F8F1D45008DE881 /* Info.plist */ = {isa = PBXFileReference; lastKnownFileType = text.plist.xml; path = Info.plist; sourceTree = "<group>"; };
		343AFD551F8F1D45008DE881 /* DynamicAppIconOCUITests.xctest */ = {isa = PBXFileReference; explicitFileType = wrapper.cfbundle; includeInIndex = 0; path = DynamicAppIconOCUITests.xctest; sourceTree = BUILT_PRODUCTS_DIR; };
		343AFD591F8F1D45008DE881 /* DynamicAppIconOCUITests.m */ = {isa = PBXFileReference; lastKnownFileType = sourcecode.c.objc; path = DynamicAppIconOCUITests.m; sourceTree = "<group>"; };
		343AFD5B1F8F1D45008DE881 /* Info.plist */ = {isa = PBXFileReference; lastKnownFileType = text.plist.xml; path = Info.plist; sourceTree = "<group>"; };
		343AFD681F8F1DF8008DE881 /* IconDebug@3x.png */ = {isa = PBXFileReference; lastKnownFileType = image.png; path = "IconDebug@3x.png"; sourceTree = "<group>"; };
		343AFD691F8F1DF8008DE881 /* IconBeta@2x.png */ = {isa = PBXFileReference; lastKnownFileType = image.png; path = "IconBeta@2x.png"; sourceTree = "<group>"; };
		343AFD6A1F8F1DF8008DE881 /* IconDebug@2x.png */ = {isa = PBXFileReference; lastKnownFileType = image.png; path = "IconDebug@2x.png"; sourceTree = "<group>"; };
		343AFD6B1F8F1DF8008DE881 /* IconBeta@3x.png */ = {isa = PBXFileReference; lastKnownFileType = image.png; path = "IconBeta@3x.png"; sourceTree = "<group>"; };
		343AFD701F8F1EA9008DE881 /* TableViewController.h */ = {isa = PBXFileReference; lastKnownFileType = sourcecode.c.h; path = TableViewController.h; sourceTree = "<group>"; };
		343AFD711F8F1EA9008DE881 /* TableViewController.m */ = {isa = PBXFileReference; lastKnownFileType = sourcecode.c.objc; path = TableViewController.m; sourceTree = "<group>"; };
/* End PBXFileReference section */

/* Begin PBXFrameworksBuildPhase section */
		343AFD2F1F8F1D44008DE881 /* Frameworks */ = {
			isa = PBXFrameworksBuildPhase;
			buildActionMask = 2147483647;
			files = (
			);
			runOnlyForDeploymentPostprocessing = 0;
		};
		343AFD471F8F1D45008DE881 /* Frameworks */ = {
			isa = PBXFrameworksBuildPhase;
			buildActionMask = 2147483647;
			files = (
			);
			runOnlyForDeploymentPostprocessing = 0;
		};
		343AFD521F8F1D45008DE881 /* Frameworks */ = {
			isa = PBXFrameworksBuildPhase;
			buildActionMask = 2147483647;
			files = (
			);
			runOnlyForDeploymentPostprocessing = 0;
		};
/* End PBXFrameworksBuildPhase section */

/* Begin PBXGroup section */
		343AFD291F8F1D44008DE881 = {
			isa = PBXGroup;
			children = (
				343AFD341F8F1D44008DE881 /* DynamicAppIconOC */,
				343AFD4D1F8F1D45008DE881 /* DynamicAppIconOCTests */,
				343AFD581F8F1D45008DE881 /* DynamicAppIconOCUITests */,
				343AFD331F8F1D44008DE881 /* Products */,
			);
			sourceTree = "<group>";
		};
		343AFD331F8F1D44008DE881 /* Products */ = {
			isa = PBXGroup;
			children = (
				343AFD321F8F1D44008DE881 /* DynamicAppIconOC.app */,
				343AFD4A1F8F1D45008DE881 /* DynamicAppIconOCTests.xctest */,
				343AFD551F8F1D45008DE881 /* DynamicAppIconOCUITests.xctest */,
			);
			name = Products;
			sourceTree = "<group>";
		};
		343AFD341F8F1D44008DE881 /* DynamicAppIconOC */ = {
			isa = PBXGroup;
			children = (
				343AFD351F8F1D44008DE881 /* AppDelegate.h */,
				343AFD361F8F1D44008DE881 /* AppDelegate.m */,
				343AFD381F8F1D44008DE881 /* ViewController.h */,
				343AFD391F8F1D44008DE881 /* ViewController.m */,
				343AFD701F8F1EA9008DE881 /* TableViewController.h */,
				343AFD711F8F1EA9008DE881 /* TableViewController.m */,
				343AFD3B1F8F1D44008DE881 /* Main.storyboard */,
				343AFD3E1F8F1D44008DE881 /* Assets.xcassets */,
				343AFD401F8F1D44008DE881 /* LaunchScreen.storyboard */,
				343AFD431F8F1D44008DE881 /* Info.plist */,
				343AFD671F8F1D91008DE881 /* resources */,
				343AFD441F8F1D44008DE881 /* main.m */,
			);
			path = DynamicAppIconOC;
			sourceTree = "<group>";
		};
		343AFD4D1F8F1D45008DE881 /* DynamicAppIconOCTests */ = {
			isa = PBXGroup;
			children = (
				343AFD4E1F8F1D45008DE881 /* DynamicAppIconOCTests.m */,
				343AFD501F8F1D45008DE881 /* Info.plist */,
			);
			path = DynamicAppIconOCTests;
			sourceTree = "<group>";
		};
		343AFD581F8F1D45008DE881 /* DynamicAppIconOCUITests */ = {
			isa = PBXGroup;
			children = (
				343AFD591F8F1D45008DE881 /* DynamicAppIconOCUITests.m */,
				343AFD5B1F8F1D45008DE881 /* Info.plist */,
			);
			path = DynamicAppIconOCUITests;
			sourceTree = "<group>";
		};
		343AFD671F8F1D91008DE881 /* resources */ = {
			isa = PBXGroup;
			children = (
				343AFD691F8F1DF8008DE881 /* IconBeta@2x.png */,
				343AFD6B1F8F1DF8008DE881 /* IconBeta@3x.png */,
				343AFD6A1F8F1DF8008DE881 /* IconDebug@2x.png */,
				343AFD681F8F1DF8008DE881 /* IconDebug@3x.png */,
			);
			path = resources;
			sourceTree = "<group>";
		};
/* End PBXGroup section */

/* Begin PBXNativeTarget section */
		343AFD311F8F1D44008DE881 /* DynamicAppIconOC */ = {
			isa = PBXNativeTarget;
			buildConfigurationList = 343AFD5E1F8F1D45008DE881 /* Build configuration list for PBXNativeTarget "DynamicAppIconOC" */;
			buildPhases = (
				343AFD2E1F8F1D44008DE881 /* Sources */,
				343AFD2F1F8F1D44008DE881 /* Frameworks */,
				343AFD301F8F1D44008DE881 /* Resources */,
			);
			buildRules = (
			);
			dependencies = (
			);
			name = DynamicAppIconOC;
			productName = DynamicAppIconOC;
			productReference = 343AFD321F8F1D44008DE881 /* DynamicAppIconOC.app */;
			productType = "com.apple.product-type.application";
		};
		343AFD491F8F1D45008DE881 /* DynamicAppIconOCTests */ = {
			isa = PBXNativeTarget;
			buildConfigurationList = 343AFD611F8F1D45008DE881 /* Build configuration list for PBXNativeTarget "DynamicAppIconOCTests" */;
			buildPhases = (
				343AFD461F8F1D45008DE881 /* Sources */,
				343AFD471F8F1D45008DE881 /* Frameworks */,
				343AFD481F8F1D45008DE881 /* Resources */,
			);
			buildRules = (
			);
			dependencies = (
				343AFD4C1F8F1D45008DE881 /* PBXTargetDependency */,
			);
			name = DynamicAppIconOCTests;
			productName = DynamicAppIconOCTests;
			productReference = 343AFD4A1F8F1D45008DE881 /* DynamicAppIconOCTests.xctest */;
			productType = "com.apple.product-type.bundle.unit-test";
		};
		343AFD541F8F1D45008DE881 /* DynamicAppIconOCUITests */ = {
			isa = PBXNativeTarget;
			buildConfigurationList = 343AFD641F8F1D45008DE881 /* Build configuration list for PBXNativeTarget "DynamicAppIconOCUITests" */;
			buildPhases = (
				343AFD511F8F1D45008DE881 /* Sources */,
				343AFD521F8F1D45008DE881 /* Frameworks */,
				343AFD531F8F1D45008DE881 /* Resources */,
			);
			buildRules = (
			);
			dependencies = (
				343AFD571F8F1D45008DE881 /* PBXTargetDependency */,
			);
			name = DynamicAppIconOCUITests;
			productName = DynamicAppIconOCUITests;
			productReference = 343AFD551F8F1D45008DE881 /* DynamicAppIconOCUITests.xctest */;
			productType = "com.apple.product-type.bundle.ui-testing";
		};
/* End PBXNativeTarget section */

/* Begin PBXProject section */
		343AFD2A1F8F1D44008DE881 /* Project object */ = {
			isa = PBXProject;
			attributes = {
				LastUpgradeCheck = 0900;
				ORGANIZATIONNAME = WhatsXie;
				TargetAttributes = {
					343AFD311F8F1D44008DE881 = {
						CreatedOnToolsVersion = 9.0;
						ProvisioningStyle = Automatic;
					};
					343AFD491F8F1D45008DE881 = {
						CreatedOnToolsVersion = 9.0;
						ProvisioningStyle = Automatic;
						TestTargetID = 343AFD311F8F1D44008DE881;
					};
					343AFD541F8F1D45008DE881 = {
						CreatedOnToolsVersion = 9.0;
						ProvisioningStyle = Automatic;
						TestTargetID = 343AFD311F8F1D44008DE881;
					};
				};
			};
			buildConfigurationList = 343AFD2D1F8F1D44008DE881 /* Build configuration list for PBXProject "DynamicAppIconOC" */;
			compatibilityVersion = "Xcode 8.0";
			developmentRegion = en;
			hasScannedForEncodings = 0;
			knownRegions = (
				en,
				Base,
			);
			mainGroup = 343AFD291F8F1D44008DE881;
			productRefGroup = 343AFD331F8F1D44008DE881 /* Products */;
			projectDirPath = "";
			projectRoot = "";
			targets = (
				343AFD311F8F1D44008DE881 /* DynamicAppIconOC */,
				343AFD491F8F1D45008DE881 /* DynamicAppIconOCTests */,
				343AFD541F8F1D45008DE881 /* DynamicAppIconOCUITests */,
			);
		};
/* End PBXProject section */

/* Begin PBXResourcesBuildPhase section */
		343AFD301F8F1D44008DE881 /* Resources */ = {
			isa = PBXResourcesBuildPhase;
			buildActionMask = 2147483647;
			files = (
				343AFD421F8F1D44008DE881 /* LaunchScreen.storyboard in Resources */,
				343AFD6F1F8F1DFF008DE881 /* IconDebug@3x.png in Resources */,
				343AFD6D1F8F1DFF008DE881 /* IconBeta@3x.png in Resources */,
				343AFD6C1F8F1DFF008DE881 /* IconBeta@2x.png in Resources */,
				343AFD3F1F8F1D44008DE881 /* Assets.xcassets in Resources */,
				343AFD3D1F8F1D44008DE881 /* Main.storyboard in Resources */,
				343AFD6E1F8F1DFF008DE881 /* IconDebug@2x.png in Resources */,
			);
			runOnlyForDeploymentPostprocessing = 0;
		};
		343AFD481F8F1D45008DE881 /* Resources */ = {
			isa = PBXResourcesBuildPhase;
			buildActionMask = 2147483647;
			files = (
			);
			runOnlyForDeploymentPostprocessing = 0;
		};
		343AFD531F8F1D45008DE881 /* Resources */ = {
			isa = PBXResourcesBuildPhase;
			buildActionMask = 2147483647;
			files = (
			);
			runOnlyForDeploymentPostprocessing = 0;
		};
/* End PBXResourcesBuildPhase section */

/* Begin PBXSourcesBuildPhase section */
		343AFD2E1F8F1D44008DE881 /* Sources */ = {
			isa = PBXSourcesBuildPhase;
			buildActionMask = 2147483647;
			files = (
				343AFD3A1F8F1D44008DE881 /* ViewController.m in Sources */,
				343AFD451F8F1D44008DE881 /* main.m in Sources */,
				343AFD371F8F1D44008DE881 /* AppDelegate.m in Sources */,
				343AFD721F8F1EA9008DE881 /* TableViewController.m in Sources */,
			);
			runOnlyForDeploymentPostprocessing = 0;
		};
		343AFD461F8F1D45008DE881 /* Sources */ = {
			isa = PBXSourcesBuildPhase;
			buildActionMask = 2147483647;
			files = (
				343AFD4F1F8F1D45008DE881 /* DynamicAppIconOCTests.m in Sources */,
			);
			runOnlyForDeploymentPostprocessing = 0;
		};
		343AFD511F8F1D45008DE881 /* Sources */ = {
			isa = PBXSourcesBuildPhase;
			buildActionMask = 2147483647;
			files = (
				343AFD5A1F8F1D45008DE881 /* DynamicAppIconOCUITests.m in Sources */,
			);
			runOnlyForDeploymentPostprocessing = 0;
		};
/* End PBXSourcesBuildPhase section */

/* Begin PBXTargetDependency section */
		343AFD4C1F8F1D45008DE881 /* PBXTargetDependency */ = {
			isa = PBXTargetDependency;
			target = 343AFD311F8F1D44008DE881 /* DynamicAppIconOC */;
			targetProxy = 343AFD4B1F8F1D45008DE881 /* PBXContainerItemProxy */;
		};
		343AFD571F8F1D45008DE881 /* PBXTargetDependency */ = {
			isa = PBXTargetDependency;
			target = 343AFD311F8F1D44008DE881 /* DynamicAppIconOC */;
			targetProxy = 343AFD561F8F1D45008DE881 /* PBXContainerItemProxy */;
		};
/* End PBXTargetDependency section */

/* Begin PBXVariantGroup section */
		343AFD3B1F8F1D44008DE881 /* Main.storyboard */ = {
			isa = PBXVariantGroup;
			children = (
				343AFD3C1F8F1D44008DE881 /* Base */,
			);
			name = Main.storyboard;
			sourceTree = "<group>";
		};
		343AFD401F8F1D44008DE881 /* LaunchScreen.storyboard */ = {
			isa = PBXVariantGroup;
			children = (
				343AFD411F8F1D44008DE881 /* Base */,
			);
			name = LaunchScreen.storyboard;
			sourceTree = "<group>";
		};
/* End PBXVariantGroup section */

/* Begin XCBuildConfiguration section */
		343AFD5C1F8F1D45008DE881 /* Debug */ = {
			isa = XCBuildConfiguration;
			buildSettings = {
				ALWAYS_SEARCH_USER_PATHS = NO;
				CLANG_ANALYZER_NONNULL = YES;
				CLANG_ANALYZER_NUMBER_OBJECT_CONVERSION = YES_AGGRESSIVE;
				CLANG_CXX_LANGUAGE_STANDARD = "gnu++14";
				CLANG_CXX_LIBRARY = "libc++";
				CLANG_ENABLE_MODULES = YES;
				CLANG_ENABLE_OBJC_ARC = YES;
				CLANG_WARN_BLOCK_CAPTURE_AUTORELEASING = YES;
				CLANG_WARN_BOOL_CONVERSION = YES;
				CLANG_WARN_COMMA = YES;
				CLANG_WARN_CONSTANT_CONVERSION = YES;
				CLANG_WARN_DIRECT_OBJC_ISA_USAGE = YES_ERROR;
				CLANG_WARN_DOCUMENTATION_COMMENTS = YES;
				CLANG_WARN_EMPTY_BODY = YES;
				CLANG_WARN_ENUM_CONVERSION = YES;
				CLANG_WARN_INFINITE_RECURSION = YES;
				CLANG_WARN_INT_CONVERSION = YES;
				CLANG_WARN_NON_LITERAL_NULL_CONVERSION = YES;
				CLANG_WARN_OBJC_LITERAL_CONVERSION = YES;
				CLANG_WARN_OBJC_ROOT_CLASS = YES_ERROR;
				CLANG_WARN_RANGE_LOOP_ANALYSIS = YES;
				CLANG_WARN_STRICT_PROTOTYPES = YES;
				CLANG_WARN_SUSPICIOUS_MOVE = YES;
				CLANG_WARN_UNGUARDED_AVAILABILITY = YES_AGGRESSIVE;
				CLANG_WARN_UNREACHABLE_CODE = YES;
				CLANG_WARN__DUPLICATE_METHOD_MATCH = YES;
				CODE_SIGN_IDENTITY = "iPhone Developer";
				COPY_PHASE_STRIP = NO;
				DEBUG_INFORMATION_FORMAT = dwarf;
				ENABLE_STRICT_OBJC_MSGSEND = YES;
				ENABLE_TESTABILITY = YES;
				GCC_C_LANGUAGE_STANDARD = gnu11;
				GCC_DYNAMIC_NO_PIC = NO;
				GCC_NO_COMMON_BLOCKS = YES;
				GCC_OPTIMIZATION_LEVEL = 0;
				GCC_PREPROCESSOR_DEFINITIONS = (
					"DEBUG=1",
					"$(inherited)",
				);
				GCC_WARN_64_TO_32_BIT_CONVERSION = YES;
				GCC_WARN_ABOUT_RETURN_TYPE = YES_ERROR;
				GCC_WARN_UNDECLARED_SELECTOR = YES;
				GCC_WARN_UNINITIALIZED_AUTOS = YES_AGGRESSIVE;
				GCC_WARN_UNUSED_FUNCTION = YES;
				GCC_WARN_UNUSED_VARIABLE = YES;
				IPHONEOS_DEPLOYMENT_TARGET = 11.0;
				MTL_ENABLE_DEBUG_INFO = YES;
				ONLY_ACTIVE_ARCH = YES;
				SDKROOT = iphoneos;
			};
			name = Debug;
		};
		343AFD5D1F8F1D45008DE881 /* Release */ = {
			isa = XCBuildConfiguration;
			buildSettings = {
				ALWAYS_SEARCH_USER_PATHS = NO;
				CLANG_ANALYZER_NONNULL = YES;
				CLANG_ANALYZER_NUMBER_OBJECT_CONVERSION = YES_AGGRESSIVE;
				CLANG_CXX_LANGUAGE_STANDARD = "gnu++14";
				CLANG_CXX_LIBRARY = "libc++";
				CLANG_ENABLE_MODULES = YES;
				CLANG_ENABLE_OBJC_ARC = YES;
				CLANG_WARN_BLOCK_CAPTURE_AUTORELEASING = YES;
				CLANG_WARN_BOOL_CONVERSION = YES;
				CLANG_WARN_COMMA = YES;
				CLANG_WARN_CONSTANT_CONVERSION = YES;
				CLANG_WARN_DIRECT_OBJC_ISA_USAGE = YES_ERROR;
				CLANG_WARN_DOCUMENTATION_COMMENTS = YES;
				CLANG_WARN_EMPTY_BODY = YES;
				CLANG_WARN_ENUM_CONVERSION = YES;
				CLANG_WARN_INFINITE_RECURSION = YES;
				CLANG_WARN_INT_CONVERSION = YES;
				CLANG_WARN_NON_LITERAL_NULL_CONVERSION = YES;
				CLANG_WARN_OBJC_LITERAL_CONVERSION = YES;
				CLANG_WARN_OBJC_ROOT_CLASS = YES_ERROR;
				CLANG_WARN_RANGE_LOOP_ANALYSIS = YES;
				CLANG_WARN_STRICT_PROTOTYPES = YES;
				CLANG_WARN_SUSPICIOUS_MOVE = YES;
				CLANG_WARN_UNGUARDED_AVAILABILITY = YES_AGGRESSIVE;
				CLANG_WARN_UNREACHABLE_CODE = YES;
				CLANG_WARN__DUPLICATE_METHOD_MATCH = YES;
				CODE_SIGN_IDENTITY = "iPhone Developer";
				COPY_PHASE_STRIP = NO;
				DEBUG_INFORMATION_FORMAT = "dwarf-with-dsym";
				ENABLE_NS_ASSERTIONS = NO;
				ENABLE_STRICT_OBJC_MSGSEND = YES;
				GCC_C_LANGUAGE_STANDARD = gnu11;
				GCC_NO_COMMON_BLOCKS = YES;
				GCC_WARN_64_TO_32_BIT_CONVERSION = YES;
				GCC_WARN_ABOUT_RETURN_TYPE = YES_ERROR;
				GCC_WARN_UNDECLARED_SELECTOR = YES;
				GCC_WARN_UNINITIALIZED_AUTOS = YES_AGGRESSIVE;
				GCC_WARN_UNUSED_FUNCTION = YES;
				GCC_WARN_UNUSED_VARIABLE = YES;
				IPHONEOS_DEPLOYMENT_TARGET = 11.0;
				MTL_ENABLE_DEBUG_INFO = NO;
				SDKROOT = iphoneos;
				VALIDATE_PRODUCT = YES;
			};
			name = Release;
		};
		343AFD5F1F8F1D45008DE881 /* Debug */ = {
			isa = XCBuildConfiguration;
			buildSettings = {
				ASSETCATALOG_COMPILER_APPICON_NAME = AppIcon;
				ASSETCATALOG_COMPILER_LAUNCHIMAGE_NAME = LaunchImage;
				CODE_SIGN_STYLE = Automatic;
				DEVELOPMENT_TEAM = DHQ5WDNWKL;
				INFOPLIST_FILE = DynamicAppIconOC/Info.plist;
				LD_RUNPATH_SEARCH_PATHS = "$(inherited) @executable_path/Frameworks";
				PRODUCT_BUNDLE_IDENTIFIER = R.S.DynamicAppIconOC;
				PRODUCT_NAME = "$(TARGET_NAME)";
				TARGETED_DEVICE_FAMILY = "1,2";
			};
			name = Debug;
		};
		343AFD601F8F1D45008DE881 /* Release */ = {
			isa = XCBuildConfiguration;
			buildSettings = {
				ASSETCATALOG_COMPILER_APPICON_NAME = AppIcon;
				ASSETCATALOG_COMPILER_LAUNCHIMAGE_NAME = LaunchImage;
				CODE_SIGN_STYLE = Automatic;
				DEVELOPMENT_TEAM = DHQ5WDNWKL;
				INFOPLIST_FILE = DynamicAppIconOC/Info.plist;
				LD_RUNPATH_SEARCH_PATHS = "$(inherited) @executable_path/Frameworks";
				PRODUCT_BUNDLE_IDENTIFIER = R.S.DynamicAppIconOC;
				PRODUCT_NAME = "$(TARGET_NAME)";
				TARGETED_DEVICE_FAMILY = "1,2";
			};
			name = Release;
		};
		343AFD621F8F1D45008DE881 /* Debug */ = {
			isa = XCBuildConfiguration;
			buildSettings = {
				BUNDLE_LOADER = "$(TEST_HOST)";
				CODE_SIGN_STYLE = Automatic;
				INFOPLIST_FILE = DynamicAppIconOCTests/Info.plist;
				LD_RUNPATH_SEARCH_PATHS = "$(inherited) @executable_path/Frameworks @loader_path/Frameworks";
				PRODUCT_BUNDLE_IDENTIFIER = R.S.DynamicAppIconOCTests;
				PRODUCT_NAME = "$(TARGET_NAME)";
				TARGETED_DEVICE_FAMILY = "1,2";
				TEST_HOST = "$(BUILT_PRODUCTS_DIR)/DynamicAppIconOC.app/DynamicAppIconOC";
			};
			name = Debug;
		};
		343AFD631F8F1D45008DE881 /* Release */ = {
			isa = XCBuildConfiguration;
			buildSettings = {
				BUNDLE_LOADER = "$(TEST_HOST)";
				CODE_SIGN_STYLE = Automatic;
				INFOPLIST_FILE = DynamicAppIconOCTests/Info.plist;
				LD_RUNPATH_SEARCH_PATHS = "$(inherited) @executable_path/Frameworks @loader_path/Frameworks";
				PRODUCT_BUNDLE_IDENTIFIER = R.S.DynamicAppIconOCTests;
				PRODUCT_NAME = "$(TARGET_NAME)";
				TARGETED_DEVICE_FAMILY = "1,2";
				TEST_HOST = "$(BUILT_PRODUCTS_DIR)/DynamicAppIconOC.app/DynamicAppIconOC";
			};
			name = Release;
		};
		343AFD651F8F1D45008DE881 /* Debug */ = {
			isa = XCBuildConfiguration;
			buildSettings = {
				CODE_SIGN_STYLE = Automatic;
				INFOPLIST_FILE = DynamicAppIconOCUITests/Info.plist;
				LD_RUNPATH_SEARCH_PATHS = "$(inherited) @executable_path/Frameworks @loader_path/Frameworks";
				PRODUCT_BUNDLE_IDENTIFIER = R.S.DynamicAppIconOCUITests;
				PRODUCT_NAME = "$(TARGET_NAME)";
				TARGETED_DEVICE_FAMILY = "1,2";
				TEST_TARGET_NAME = DynamicAppIconOC;
			};
			name = Debug;
		};
		343AFD661F8F1D45008DE881 /* Release */ = {
			isa = XCBuildConfiguration;
			buildSettings = {
				CODE_SIGN_STYLE = Automatic;
				INFOPLIST_FILE = DynamicAppIconOCUITests/Info.plist;
				LD_RUNPATH_SEARCH_PATHS = "$(inherited) @executable_path/Frameworks @loader_path/Frameworks";
				PRODUCT_BUNDLE_IDENTIFIER = R.S.DynamicAppIconOCUITests;
				PRODUCT_NAME = "$(TARGET_NAME)";
				TARGETED_DEVICE_FAMILY = "1,2";
				TEST_TARGET_NAME = DynamicAppIconOC;
			};
			name = Release;
		};
/* End XCBuildConfiguration section */

/* Begin XCConfigurationList section */
		343AFD2D1F8F1D44008DE881 /* Build configuration list for PBXProject "DynamicAppIconOC" */ = {
			isa = XCConfigurationList;
			buildConfigurations = (
				343AFD5C1F8F1D45008DE881 /* Debug */,
				343AFD5D1F8F1D45008DE881 /* Release */,
			);
			defaultConfigurationIsVisible = 0;
			defaultConfigurationName = Release;
		};
		343AFD5E1F8F1D45008DE881 /* Build configuration list for PBXNativeTarget "DynamicAppIconOC" */ = {
			isa = XCConfigurationList;
			buildConfigurations = (
				343AFD5F1F8F1D45008DE881 /* Debug */,
				343AFD601F8F1D45008DE881 /* Release */,
			);
			defaultConfigurationIsVisible = 0;
			defaultConfigurationName = Release;
		};
		343AFD611F8F1D45008DE881 /* Build configuration list for PBXNativeTarget "DynamicAppIconOCTests" */ = {
			isa = XCConfigurationList;
			buildConfigurations = (
				343AFD621F8F1D45008DE881 /* Debug */,
				343AFD631F8F1D45008DE881 /* Release */,
			);
			defaultConfigurationIsVisible = 0;
			defaultConfigurationName = Release;
		};
		343AFD641F8F1D45008DE881 /* Build configuration list for PBXNativeTarget "DynamicAppIconOCUITests" */ = {
			isa = XCConfigurationList;
			buildConfigurations = (
				343AFD651F8F1D45008DE881 /* Debug */,
				343AFD661F8F1D45008DE881 /* Release */,
			);
			defaultConfigurationIsVisible = 0;
			defaultConfigurationName = Release;
		};
/* End XCConfigurationList section */
	};
	rootObject = 343AFD2A1F8F1D44008DE881 /* Project object */;
}
